
Microsoft Visual Studio Solution File, Format Version 12.00
Project("{2150E333-8FDC-42A3-9474-1A3956D46DE8}") = "Services", "Services", "{477AC13D-EE34-49F7-9DC5-C3282E9134F5}"
EndProject
Project("{2150E333-8FDC-42A3-9474-1A3956D46DE8}") = "Catalog", "Catalog", "{B8EEC244-981D-4B97-B815-BAAE7D812482}"
EndProject
Project("{FAE04EC0-301F-11D3-BF4B-00C04F79EFBC}") = "Catalog.API", "Catalog.API\Catalog.API.csproj", "{FD24F6B7-3FB7-46E3-BA0F-570F51B52442}"
EndProject
Project("{FAE04EC0-301F-11D3-BF4B-00C04F79EFBC}") = "BuildingBlocks", "BuildingBlocks\BuildingBlocks\BuildingBlocks.csproj", "{545CDCD3-D170-43AE-A5B1-9B7E1619B730}"
EndProject
Project("{2150E333-8FDC-42A3-9474-1A3956D46DE8}") = "Solution Items", "Solution Items", "{13D621AE-E364-46A0-BE4D-83D650779908}"
	ProjectSection(SolutionItems) = preProject
		docker-compose.yml = docker-compose.yml
		docker-compose.override.yml = docker-compose.override.yml
	EndProjectSection
EndProject
Project("{2150E333-8FDC-42A3-9474-1A3956D46DE8}") = "Discount", "Discount", "{47882E5E-1A58-4FAD-9737-826B9503F745}"
EndProject
Project("{FAE04EC0-301F-11D3-BF4B-00C04F79EFBC}") = "Discount.GRPC", "Discount.GRPC\Discount.GRPC.csproj", "{8955FE23-1F25-4DCB-81B1-AE591732A957}"
EndProject
Project("{2150E333-8FDC-42A3-9474-1A3956D46DE8}") = "Basket", "Basket", "{9B35E3CD-B09E-4B68-9ADB-2736202F8AD1}"
EndProject
Project("{FAE04EC0-301F-11D3-BF4B-00C04F79EFBC}") = "Basket.API", "Basket.API\Basket.API.csproj", "{1A50FA4A-E500-4295-8FC3-209F3EF9C82D}"
EndProject
Project("{2150E333-8FDC-42A3-9474-1A3956D46DE8}") = "Ordering", "Ordering", "{12CD22AD-2F45-43E9-BF7C-E86EB945A54B}"
EndProject
Project("{FAE04EC0-301F-11D3-BF4B-00C04F79EFBC}") = "Ordering.Domain", "Ordering.Domain\Ordering.Domain.csproj", "{C0F98650-7869-49C0-8904-D573AA944B64}"
EndProject
Project("{FAE04EC0-301F-11D3-BF4B-00C04F79EFBC}") = "Ordering.API", "Ordering.API\Ordering.API.csproj", "{B5FD8A41-9BFE-4EB1-B6FA-CDBE925449E9}"
EndProject
Project("{FAE04EC0-301F-11D3-BF4B-00C04F79EFBC}") = "Ordering.Infrastructure", "Ordering.Infrastructure\Ordering.Infrastructure.csproj", "{85E58F45-799B-4B04-B92C-B6CFFC6951CB}"
EndProject
Project("{FAE04EC0-301F-11D3-BF4B-00C04F79EFBC}") = "Ordering.Application", "Ordering.Application\Ordering.Application.csproj", "{21E5D350-C0AD-4026-9FB2-33D91B22DD00}"
EndProject
Project("{2150E333-8FDC-42A3-9474-1A3956D46DE8}") = "BuildingBlocks", "BuildingBlocks", "{0274686F-0733-4F69-839F-19A7C64CBD77}"
EndProject
Project("{FAE04EC0-301F-11D3-BF4B-00C04F79EFBC}") = "BuildingBlocks.Messaging", "BuildingBlocks\BuildingBlocks.Messaging\BuildingBlocks.Messaging.csproj", "{0287D9FD-0CDF-49BE-9086-AA8AC384E085}"
EndProject
Project("{FAE04EC0-301F-11D3-BF4B-00C04F79EFBC}") = "BuildingBlocks.Extensions", "BuildingBlocks\BuildingBlocks.Extensions\BuildingBlocks.Extensions.csproj", "{22EB9CD1-4777-41F8-9771-50634398C825}"
EndProject
Project("{FAE04EC0-301F-11D3-BF4B-00C04F79EFBC}") = "Catalog.GRPC", "Catalog.GRPC\Catalog.GRPC.csproj", "{8724B5D6-5BD7-4D13-BA91-B89FB1DB54BE}"
EndProject
Project("{2150E333-8FDC-42A3-9474-1A3956D46DE8}") = "Authentication", "Authentication", "{0A0C76D3-2A3B-405D-85E0-4CEA0E459B14}"
EndProject
Project("{FAE04EC0-301F-11D3-BF4B-00C04F79EFBC}") = "Authentication.Server", "Authentication.Server\Authentication.Server.csproj", "{0752E3F5-DAFD-4923-AB1B-57947E2754F4}"
EndProject
Project("{FAE04EC0-301F-11D3-BF4B-00C04F79EFBC}") = "Authentication.Client", "Authentication.Client\Authentication.Client.csproj", "{051969BD-6BC4-41A7-9DC4-A0F879507013}"
EndProject
Global
	GlobalSection(SolutionConfigurationPlatforms) = preSolution
		Debug|Any CPU = Debug|Any CPU
		Release|Any CPU = Release|Any CPU
	EndGlobalSection
	GlobalSection(NestedProjects) = preSolution
		{B8EEC244-981D-4B97-B815-BAAE7D812482} = {477AC13D-EE34-49F7-9DC5-C3282E9134F5}
		{FD24F6B7-3FB7-46E3-BA0F-570F51B52442} = {B8EEC244-981D-4B97-B815-BAAE7D812482}
		{47882E5E-1A58-4FAD-9737-826B9503F745} = {477AC13D-EE34-49F7-9DC5-C3282E9134F5}
		{8955FE23-1F25-4DCB-81B1-AE591732A957} = {47882E5E-1A58-4FAD-9737-826B9503F745}
		{9B35E3CD-B09E-4B68-9ADB-2736202F8AD1} = {477AC13D-EE34-49F7-9DC5-C3282E9134F5}
		{1A50FA4A-E500-4295-8FC3-209F3EF9C82D} = {9B35E3CD-B09E-4B68-9ADB-2736202F8AD1}
		{12CD22AD-2F45-43E9-BF7C-E86EB945A54B} = {477AC13D-EE34-49F7-9DC5-C3282E9134F5}
		{C0F98650-7869-49C0-8904-D573AA944B64} = {12CD22AD-2F45-43E9-BF7C-E86EB945A54B}
		{B5FD8A41-9BFE-4EB1-B6FA-CDBE925449E9} = {12CD22AD-2F45-43E9-BF7C-E86EB945A54B}
		{85E58F45-799B-4B04-B92C-B6CFFC6951CB} = {12CD22AD-2F45-43E9-BF7C-E86EB945A54B}
		{21E5D350-C0AD-4026-9FB2-33D91B22DD00} = {12CD22AD-2F45-43E9-BF7C-E86EB945A54B}
		{0287D9FD-0CDF-49BE-9086-AA8AC384E085} = {0274686F-0733-4F69-839F-19A7C64CBD77}
		{545CDCD3-D170-43AE-A5B1-9B7E1619B730} = {0274686F-0733-4F69-839F-19A7C64CBD77}
		{22EB9CD1-4777-41F8-9771-50634398C825} = {0274686F-0733-4F69-839F-19A7C64CBD77}
		{8724B5D6-5BD7-4D13-BA91-B89FB1DB54BE} = {B8EEC244-981D-4B97-B815-BAAE7D812482}
		{0A0C76D3-2A3B-405D-85E0-4CEA0E459B14} = {477AC13D-EE34-49F7-9DC5-C3282E9134F5}
		{0752E3F5-DAFD-4923-AB1B-57947E2754F4} = {0A0C76D3-2A3B-405D-85E0-4CEA0E459B14}
		{051969BD-6BC4-41A7-9DC4-A0F879507013} = {0A0C76D3-2A3B-405D-85E0-4CEA0E459B14}
	EndGlobalSection
	GlobalSection(ProjectConfigurationPlatforms) = postSolution
		{FD24F6B7-3FB7-46E3-BA0F-570F51B52442}.Debug|Any CPU.ActiveCfg = Debug|Any CPU
		{FD24F6B7-3FB7-46E3-BA0F-570F51B52442}.Debug|Any CPU.Build.0 = Debug|Any CPU
		{FD24F6B7-3FB7-46E3-BA0F-570F51B52442}.Release|Any CPU.ActiveCfg = Release|Any CPU
		{FD24F6B7-3FB7-46E3-BA0F-570F51B52442}.Release|Any CPU.Build.0 = Release|Any CPU
		{545CDCD3-D170-43AE-A5B1-9B7E1619B730}.Debug|Any CPU.ActiveCfg = Debug|Any CPU
		{545CDCD3-D170-43AE-A5B1-9B7E1619B730}.Debug|Any CPU.Build.0 = Debug|Any CPU
		{545CDCD3-D170-43AE-A5B1-9B7E1619B730}.Release|Any CPU.ActiveCfg = Release|Any CPU
		{545CDCD3-D170-43AE-A5B1-9B7E1619B730}.Release|Any CPU.Build.0 = Release|Any CPU
		{8955FE23-1F25-4DCB-81B1-AE591732A957}.Debug|Any CPU.ActiveCfg = Debug|Any CPU
		{8955FE23-1F25-4DCB-81B1-AE591732A957}.Debug|Any CPU.Build.0 = Debug|Any CPU
		{8955FE23-1F25-4DCB-81B1-AE591732A957}.Release|Any CPU.ActiveCfg = Release|Any CPU
		{8955FE23-1F25-4DCB-81B1-AE591732A957}.Release|Any CPU.Build.0 = Release|Any CPU
		{1A50FA4A-E500-4295-8FC3-209F3EF9C82D}.Debug|Any CPU.ActiveCfg = Debug|Any CPU
		{1A50FA4A-E500-4295-8FC3-209F3EF9C82D}.Debug|Any CPU.Build.0 = Debug|Any CPU
		{1A50FA4A-E500-4295-8FC3-209F3EF9C82D}.Release|Any CPU.ActiveCfg = Release|Any CPU
		{1A50FA4A-E500-4295-8FC3-209F3EF9C82D}.Release|Any CPU.Build.0 = Release|Any CPU
		{C0F98650-7869-49C0-8904-D573AA944B64}.Debug|Any CPU.ActiveCfg = Debug|Any CPU
		{C0F98650-7869-49C0-8904-D573AA944B64}.Debug|Any CPU.Build.0 = Debug|Any CPU
		{C0F98650-7869-49C0-8904-D573AA944B64}.Release|Any CPU.ActiveCfg = Release|Any CPU
		{C0F98650-7869-49C0-8904-D573AA944B64}.Release|Any CPU.Build.0 = Release|Any CPU
		{B5FD8A41-9BFE-4EB1-B6FA-CDBE925449E9}.Debug|Any CPU.ActiveCfg = Debug|Any CPU
		{B5FD8A41-9BFE-4EB1-B6FA-CDBE925449E9}.Debug|Any CPU.Build.0 = Debug|Any CPU
		{B5FD8A41-9BFE-4EB1-B6FA-CDBE925449E9}.Release|Any CPU.ActiveCfg = Release|Any CPU
		{B5FD8A41-9BFE-4EB1-B6FA-CDBE925449E9}.Release|Any CPU.Build.0 = Release|Any CPU
		{85E58F45-799B-4B04-B92C-B6CFFC6951CB}.Debug|Any CPU.ActiveCfg = Debug|Any CPU
		{85E58F45-799B-4B04-B92C-B6CFFC6951CB}.Debug|Any CPU.Build.0 = Debug|Any CPU
		{85E58F45-799B-4B04-B92C-B6CFFC6951CB}.Release|Any CPU.ActiveCfg = Release|Any CPU
		{85E58F45-799B-4B04-B92C-B6CFFC6951CB}.Release|Any CPU.Build.0 = Release|Any CPU
		{21E5D350-C0AD-4026-9FB2-33D91B22DD00}.Debug|Any CPU.ActiveCfg = Debug|Any CPU
		{21E5D350-C0AD-4026-9FB2-33D91B22DD00}.Debug|Any CPU.Build.0 = Debug|Any CPU
		{21E5D350-C0AD-4026-9FB2-33D91B22DD00}.Release|Any CPU.ActiveCfg = Release|Any CPU
		{21E5D350-C0AD-4026-9FB2-33D91B22DD00}.Release|Any CPU.Build.0 = Release|Any CPU
		{0287D9FD-0CDF-49BE-9086-AA8AC384E085}.Debug|Any CPU.ActiveCfg = Debug|Any CPU
		{0287D9FD-0CDF-49BE-9086-AA8AC384E085}.Debug|Any CPU.Build.0 = Debug|Any CPU
		{0287D9FD-0CDF-49BE-9086-AA8AC384E085}.Release|Any CPU.ActiveCfg = Release|Any CPU
		{0287D9FD-0CDF-49BE-9086-AA8AC384E085}.Release|Any CPU.Build.0 = Release|Any CPU
		{22EB9CD1-4777-41F8-9771-50634398C825}.Debug|Any CPU.ActiveCfg = Debug|Any CPU
		{22EB9CD1-4777-41F8-9771-50634398C825}.Debug|Any CPU.Build.0 = Debug|Any CPU
		{22EB9CD1-4777-41F8-9771-50634398C825}.Release|Any CPU.ActiveCfg = Release|Any CPU
		{22EB9CD1-4777-41F8-9771-50634398C825}.Release|Any CPU.Build.0 = Release|Any CPU
		{8724B5D6-5BD7-4D13-BA91-B89FB1DB54BE}.Debug|Any CPU.ActiveCfg = Debug|Any CPU
		{8724B5D6-5BD7-4D13-BA91-B89FB1DB54BE}.Debug|Any CPU.Build.0 = Debug|Any CPU
		{8724B5D6-5BD7-4D13-BA91-B89FB1DB54BE}.Release|Any CPU.ActiveCfg = Release|Any CPU
		{8724B5D6-5BD7-4D13-BA91-B89FB1DB54BE}.Release|Any CPU.Build.0 = Release|Any CPU
		{0752E3F5-DAFD-4923-AB1B-57947E2754F4}.Debug|Any CPU.ActiveCfg = Debug|Any CPU
		{0752E3F5-DAFD-4923-AB1B-57947E2754F4}.Debug|Any CPU.Build.0 = Debug|Any CPU
		{0752E3F5-DAFD-4923-AB1B-57947E2754F4}.Release|Any CPU.ActiveCfg = Release|Any CPU
		{0752E3F5-DAFD-4923-AB1B-57947E2754F4}.Release|Any CPU.Build.0 = Release|Any CPU
		{051969BD-6BC4-41A7-9DC4-A0F879507013}.Debug|Any CPU.ActiveCfg = Debug|Any CPU
		{051969BD-6BC4-41A7-9DC4-A0F879507013}.Debug|Any CPU.Build.0 = Debug|Any CPU
		{051969BD-6BC4-41A7-9DC4-A0F879507013}.Release|Any CPU.ActiveCfg = Release|Any CPU
		{051969BD-6BC4-41A7-9DC4-A0F879507013}.Release|Any CPU.Build.0 = Release|Any CPU
	EndGlobalSection
EndGlobal
